
Microsoft Visual Studio Solution File, Format Version 12.00
# Visual Studio 14
VisualStudioVersion = 14.0.24720.0
MinimumVisualStudioVersion = 10.0.40219.1
Project("{FAE04EC0-301F-11D3-BF4B-00C04F79EFBC}") = "BNO055Demo", "BNO055Demo\BNO055Demo.csproj", "{999DBE47-8E45-41BE-A134-E701DE007066}"
EndProject
Project("{FAE04EC0-301F-11D3-BF4B-00C04F79EFBC}") = "PCA9685Demo", "PCA9685Demo\PCA9685Demo.csproj", "{69C9A925-210F-40D8-8300-C82F17843E01}"
EndProject
Project("{FAE04EC0-301F-11D3-BF4B-00C04F79EFBC}") = "AdafruitBNO055", "..\AdafruitBNO055\AdafruitBNO055.csproj", "{D91A01DB-B620-4625-AB33-5EE724263D5C}"
EndProject
Project("{FAE04EC0-301F-11D3-BF4B-00C04F79EFBC}") = "AdafruitPCA9685", "..\AdafruitPCA9685\AdafruitPCA9685.csproj", "{91E7FF6A-0348-4731-BF58-BE8611325172}"
EndProject
Global
	GlobalSection(SolutionConfigurationPlatforms) = preSolution
		Debug|Any CPU = Debug|Any CPU
		Debug|ARM = Debug|ARM
		Debug|x64 = Debug|x64
		Debug|x86 = Debug|x86
		Release|Any CPU = Release|Any CPU
		Release|ARM = Release|ARM
		Release|x64 = Release|x64
		Release|x86 = Release|x86
	EndGlobalSection
	GlobalSection(ProjectConfigurationPlatforms) = postSolution
		{999DBE47-8E45-41BE-A134-E701DE007066}.Debug|Any CPU.ActiveCfg = Debug|x86
		{999DBE47-8E45-41BE-A134-E701DE007066}.Debug|ARM.ActiveCfg = Debug|ARM
		{999DBE47-8E45-41BE-A134-E701DE007066}.Debug|ARM.Build.0 = Debug|ARM
		{999DBE47-8E45-41BE-A134-E701DE007066}.Debug|ARM.Deploy.0 = Debug|ARM
		{999DBE47-8E45-41BE-A134-E701DE007066}.Debug|x64.ActiveCfg = Debug|x64
		{999DBE47-8E45-41BE-A134-E701DE007066}.Debug|x64.Build.0 = Debug|x64
		{999DBE47-8E45-41BE-A134-E701DE007066}.Debug|x64.Deploy.0 = Debug|x64
		{999DBE47-8E45-41BE-A134-E701DE007066}.Debug|x86.ActiveCfg = Debug|x86
		{999DBE47-8E45-41BE-A134-E701DE007066}.Debug|x86.Build.0 = Debug|x86
		{999DBE47-8E45-41BE-A134-E701DE007066}.Debug|x86.Deploy.0 = Debug|x86
		{999DBE47-8E45-41BE-A134-E701DE007066}.Release|Any CPU.ActiveCfg = Release|x86
		{999DBE47-8E45-41BE-A134-E701DE007066}.Release|ARM.ActiveCfg = Release|ARM
		{999DBE47-8E45-41BE-A134-E701DE007066}.Release|ARM.Build.0 = Release|ARM
		{999DBE47-8E45-41BE-A134-E701DE007066}.Release|ARM.Deploy.0 = Release|ARM
		{999DBE47-8E45-41BE-A134-E701DE007066}.Release|x64.ActiveCfg = Release|x64
		{999DBE47-8E45-41BE-A134-E701DE007066}.Release|x64.Build.0 = Release|x64
		{999DBE47-8E45-41BE-A134-E701DE007066}.Release|x64.Deploy.0 = Release|x64
		{999DBE47-8E45-41BE-A134-E701DE007066}.Release|x86.ActiveCfg = Release|x86
		{999DBE47-8E45-41BE-A134-E701DE007066}.Release|x86.Build.0 = Release|x86
		{999DBE47-8E45-41BE-A134-E701DE007066}.Release|x86.Deploy.0 = Release|x86
		{69C9A925-210F-40D8-8300-C82F17843E01}.Debug|Any CPU.ActiveCfg = Debug|x86
		{69C9A925-210F-40D8-8300-C82F17843E01}.Debug|ARM.ActiveCfg = Debug|ARM
		{69C9A925-210F-40D8-8300-C82F17843E01}.Debug|ARM.Build.0 = Debug|ARM
		{69C9A925-210F-40D8-8300-C82F17843E01}.Debug|ARM.Deploy.0 = Debug|ARM
		{69C9A925-210F-40D8-8300-C82F17843E01}.Debug|x64.ActiveCfg = Debug|x64
		{69C9A925-210F-40D8-8300-C82F17843E01}.Debug|x64.Build.0 = Debug|x64
		{69C9A925-210F-40D8-8300-C82F17843E01}.Debug|x64.Deploy.0 = Debug|x64
		{69C9A925-210F-40D8-8300-C82F17843E01}.Debug|x86.ActiveCfg = Debug|x86
		{69C9A925-210F-40D8-8300-C82F17843E01}.Debug|x86.Build.0 = Debug|x86
		{69C9A925-210F-40D8-8300-C82F17843E01}.Debug|x86.Deploy.0 = Debug|x86
		{69C9A925-210F-40D8-8300-C82F17843E01}.Release|Any CPU.ActiveCfg = Release|x86
		{69C9A925-210F-40D8-8300-C82F17843E01}.Release|ARM.ActiveCfg = Release|ARM
		{69C9A925-210F-40D8-8300-C82F17843E01}.Release|ARM.Build.0 = Release|ARM
		{69C9A925-210F-40D8-8300-C82F17843E01}.Release|ARM.Deploy.0 = Release|ARM
		{69C9A925-210F-40D8-8300-C82F17843E01}.Release|x64.ActiveCfg = Release|x64
		{69C9A925-210F-40D8-8300-C82F17843E01}.Release|x64.Build.0 = Release|x64
		{69C9A925-210F-40D8-8300-C82F17843E01}.Release|x64.Deploy.0 = Release|x64
		{69C9A925-210F-40D8-8300-C82F17843E01}.Release|x86.ActiveCfg = Release|x86
		{69C9A925-210F-40D8-8300-C82F17843E01}.Release|x86.Build.0 = Release|x86
		{69C9A925-210F-40D8-8300-C82F17843E01}.Release|x86.Deploy.0 = Release|x86
		{D91A01DB-B620-4625-AB33-5EE724263D5C}.Debug|Any CPU.ActiveCfg = Debug|Any CPU
		{D91A01DB-B620-4625-AB33-5EE724263D5C}.Debug|Any CPU.Build.0 = Debug|Any CPU
		{D91A01DB-B620-4625-AB33-5EE724263D5C}.Debug|ARM.ActiveCfg = Debug|ARM
		{D91A01DB-B620-4625-AB33-5EE724263D5C}.Debug|ARM.Build.0 = Debug|ARM
		{D91A01DB-B620-4625-AB33-5EE724263D5C}.Debug|x64.ActiveCfg = Debug|x64
		{D91A01DB-B620-4625-AB33-5EE724263D5C}.Debug|x64.Build.0 = Debug|x64
		{D91A01DB-B620-4625-AB33-5EE724263D5C}.Debug|x86.ActiveCfg = Debug|x86
		{D91A01DB-B620-4625-AB33-5EE724263D5C}.Debug|x86.Build.0 = Debug|x86
		{D91A01DB-B620-4625-AB33-5EE724263D5C}.Release|Any CPU.ActiveCfg = Release|Any CPU
		{D91A01DB-B620-4625-AB33-5EE724263D5C}.Release|Any CPU.Build.0 = Release|Any CPU
		{D91A01DB-B620-4625-AB33-5EE724263D5C}.Release|ARM.ActiveCfg = Release|ARM
		{D91A01DB-B620-4625-AB33-5EE724263D5C}.Release|ARM.Build.0 = Release|ARM
		{D91A01DB-B620-4625-AB33-5EE724263D5C}.Release|x64.ActiveCfg = Release|x64
		{D91A01DB-B620-4625-AB33-5EE724263D5C}.Release|x64.Build.0 = Release|x64
		{D91A01DB-B620-4625-AB33-5EE724263D5C}.Release|x86.ActiveCfg = Release|x86
		{D91A01DB-B620-4625-AB33-5EE724263D5C}.Release|x86.Build.0 = Release|x86
		{91E7FF6A-0348-4731-BF58-BE8611325172}.Debug|Any CPU.ActiveCfg = Debug|Any CPU
		{91E7FF6A-0348-4731-BF58-BE8611325172}.Debug|Any CPU.Build.0 = Debug|Any CPU
		{91E7FF6A-0348-4731-BF58-BE8611325172}.Debug|ARM.ActiveCfg = Debug|ARM
		{91E7FF6A-0348-4731-BF58-BE8611325172}.Debug|ARM.Build.0 = Debug|ARM
		{91E7FF6A-0348-4731-BF58-BE8611325172}.Debug|x64.ActiveCfg = Debug|x64
		{91E7FF6A-0348-4731-BF58-BE8611325172}.Debug|x64.Build.0 = Debug|x64
		{91E7FF6A-0348-4731-BF58-BE8611325172}.Debug|x86.ActiveCfg = Debug|x86
		{91E7FF6A-0348-4731-BF58-BE8611325172}.Debug|x86.Build.0 = Debug|x86
		{91E7FF6A-0348-4731-BF58-BE8611325172}.Release|Any CPU.ActiveCfg = Release|Any CPU
		{91E7FF6A-0348-4731-BF58-BE8611325172}.Release|Any CPU.Build.0 = Release|Any CPU
		{91E7FF6A-0348-4731-BF58-BE8611325172}.Release|ARM.ActiveCfg = Release|ARM
		{91E7FF6A-0348-4731-BF58-BE8611325172}.Release|ARM.Build.0 = Release|ARM
		{91E7FF6A-0348-4731-BF58-BE8611325172}.Release|x64.ActiveCfg = Release|x64
		{91E7FF6A-0348-4731-BF58-BE8611325172}.Release|x64.Build.0 = Release|x64
		{91E7FF6A-0348-4731-BF58-BE8611325172}.Release|x86.ActiveCfg = Release|x86
		{91E7FF6A-0348-4731-BF58-BE8611325172}.Release|x86.Build.0 = Release|x86
	EndGlobalSection
	GlobalSection(SolutionProperties) = preSolution
		HideSolutionNode = FALSE
	EndGlobalSection
EndGlobal
